
Microsoft Visual Studio Solution File, Format Version 12.00
# Visual Studio Version 17
VisualStudioVersion = 17.9.34723.18
MinimumVisualStudioVersion = 10.0.40219.1
Project("{9A19103F-16F7-4668-BE54-9A1E7A4F7556}") = "turnos_back", "turnos_back.csproj", "{6F5A072B-EE3A-4F5D-AF83-5AB3C5CD8C49}"
EndProject
Project("{FAE04EC0-301F-11D3-BF4B-00C04F79EFBC}") = "2.7_turnos", "..\2.7_turnos\2.7_turnos.csproj", "{C796386C-DC49-4E48-A387-60D9A9110B8F}"
EndProject
Global
	GlobalSection(SolutionConfigurationPlatforms) = preSolution
		Debug|Any CPU = Debug|Any CPU
		Release|Any CPU = Release|Any CPU
	EndGlobalSection
	GlobalSection(ProjectConfigurationPlatforms) = postSolution
		{6F5A072B-EE3A-4F5D-AF83-5AB3C5CD8C49}.Debug|Any CPU.ActiveCfg = Debug|Any CPU
		{6F5A072B-EE3A-4F5D-AF83-5AB3C5CD8C49}.Debug|Any CPU.Build.0 = Debug|Any CPU
		{6F5A072B-EE3A-4F5D-AF83-5AB3C5CD8C49}.Release|Any CPU.ActiveCfg = Release|Any CPU
		{6F5A072B-EE3A-4F5D-AF83-5AB3C5CD8C49}.Release|Any CPU.Build.0 = Release|Any CPU
		{C796386C-DC49-4E48-A387-60D9A9110B8F}.Debug|Any CPU.ActiveCfg = Debug|Any CPU
		{C796386C-DC49-4E48-A387-60D9A9110B8F}.Debug|Any CPU.Build.0 = Debug|Any CPU
		{C796386C-DC49-4E48-A387-60D9A9110B8F}.Release|Any CPU.ActiveCfg = Release|Any CPU
		{C796386C-DC49-4E48-A387-60D9A9110B8F}.Release|Any CPU.Build.0 = Release|Any CPU
	EndGlobalSection
	GlobalSection(SolutionProperties) = preSolution
		HideSolutionNode = FALSE
	EndGlobalSection
	GlobalSection(ExtensibilityGlobals) = postSolution
		SolutionGuid = {9F6E40BE-DF8F-46BA-B5C6-2C78F2DF4CF8}
	EndGlobalSection
EndGlobal
